
Microsoft Visual Studio Solution File, Format Version 12.00
# Visual Studio Version 16
VisualStudioVersion = 16.0.31205.134
MinimumVisualStudioVersion = 10.0.40219.1
Project("{FAE04EC0-301F-11D3-BF4B-00C04F79EFBC}") = "Json.Net.Curl", "Json.Net.Curl\Json.Net.Curl.csproj", "{26213762-90C3-410D-8B92-6145F8D27118}"
EndProject
Project("{FAE04EC0-301F-11D3-BF4B-00C04F79EFBC}") = "Json.Net.Curl.Test", "Json.Net.Curl.Test\Json.Net.Curl.Test.csproj", "{64E1A478-E437-403F-8FD1-4C69A225BE62}"
EndProject
Global
	GlobalSection(SolutionConfigurationPlatforms) = preSolution
		Debug|Any CPU = Debug|Any CPU
		Release|Any CPU = Release|Any CPU
	EndGlobalSection
	GlobalSection(ProjectConfigurationPlatforms) = postSolution
		{26213762-90C3-410D-8B92-6145F8D27118}.Debug|Any CPU.ActiveCfg = Debug|Any CPU
		{26213762-90C3-410D-8B92-6145F8D27118}.Debug|Any CPU.Build.0 = Debug|Any CPU
		{26213762-90C3-410D-8B92-6145F8D27118}.Release|Any CPU.ActiveCfg = Release|Any CPU
		{26213762-90C3-410D-8B92-6145F8D27118}.Release|Any CPU.Build.0 = Release|Any CPU
		{64E1A478-E437-403F-8FD1-4C69A225BE62}.Debug|Any CPU.ActiveCfg = Debug|Any CPU
		{64E1A478-E437-403F-8FD1-4C69A225BE62}.Debug|Any CPU.Build.0 = Debug|Any CPU
		{64E1A478-E437-403F-8FD1-4C69A225BE62}.Release|Any CPU.ActiveCfg = Release|Any CPU
		{64E1A478-E437-403F-8FD1-4C69A225BE62}.Release|Any CPU.Build.0 = Release|Any CPU
	EndGlobalSection
	GlobalSection(SolutionProperties) = preSolution
		HideSolutionNode = FALSE
	EndGlobalSection
	GlobalSection(ExtensibilityGlobals) = postSolution
		SolutionGuid = {A5E046CD-4B28-431A-A369-CD9DC08B3253}
	EndGlobalSection
EndGlobal
